
Microsoft Visual Studio Solution File, Format Version 12.00
# Visual Studio 15
VisualStudioVersion = 15.0.28307.168
MinimumVisualStudioVersion = 10.0.40219.1
Project("{FAE04EC0-301F-11D3-BF4B-00C04F79EFBC}") = "Dcard-Doro", "Dcard-Doro\Dcard-Doro.csproj", "{D108E33B-9725-4B64-B607-ADCD70E5D3E6}"
EndProject
Global
	GlobalSection(SolutionConfigurationPlatforms) = preSolution
		Debug|Any CPU = Debug|Any CPU
		Release|Any CPU = Release|Any CPU
	EndGlobalSection
	GlobalSection(ProjectConfigurationPlatforms) = postSolution
		{D108E33B-9725-4B64-B607-ADCD70E5D3E6}.Debug|Any CPU.ActiveCfg = Debug|Any CPU
		{D108E33B-9725-4B64-B607-ADCD70E5D3E6}.Debug|Any CPU.Build.0 = Debug|Any CPU
		{D108E33B-9725-4B64-B607-ADCD70E5D3E6}.Release|Any CPU.ActiveCfg = Release|Any CPU
		{D108E33B-9725-4B64-B607-ADCD70E5D3E6}.Release|Any CPU.Build.0 = Release|Any CPU
	EndGlobalSection
	GlobalSection(SolutionProperties) = preSolution
		HideSolutionNode = FALSE
	EndGlobalSection
	GlobalSection(ExtensibilityGlobals) = postSolution
		SolutionGuid = {C8E3E3E0-2CDA-449D-8B3E-66419DDDCCF6}
	EndGlobalSection
EndGlobal
